
Microsoft Visual Studio Solution File, Format Version 12.00
# Visual Studio 15
VisualStudioVersion = 15.0.28307.271
MinimumVisualStudioVersion = 10.0.40219.1
Project("{FAE04EC0-301F-11D3-BF4B-00C04F79EFBC}") = "CalculadoraMejorada", "CalculadoraMejorada\CalculadoraMejorada.csproj", "{6824EDCC-6F3D-4C73-9213-96C3475F8883}"
EndProject
Global
	GlobalSection(SolutionConfigurationPlatforms) = preSolution
		Debug|Any CPU = Debug|Any CPU
		Release|Any CPU = Release|Any CPU
	EndGlobalSection
	GlobalSection(ProjectConfigurationPlatforms) = postSolution
		{6824EDCC-6F3D-4C73-9213-96C3475F8883}.Debug|Any CPU.ActiveCfg = Debug|Any CPU
		{6824EDCC-6F3D-4C73-9213-96C3475F8883}.Debug|Any CPU.Build.0 = Debug|Any CPU
		{6824EDCC-6F3D-4C73-9213-96C3475F8883}.Release|Any CPU.ActiveCfg = Release|Any CPU
		{6824EDCC-6F3D-4C73-9213-96C3475F8883}.Release|Any CPU.Build.0 = Release|Any CPU
	EndGlobalSection
	GlobalSection(SolutionProperties) = preSolution
		HideSolutionNode = FALSE
	EndGlobalSection
	GlobalSection(ExtensibilityGlobals) = postSolution
		SolutionGuid = {D1241EDE-A26B-4D8A-8834-F2954F877847}
	EndGlobalSection
EndGlobal
